<?xml version="1.0" encoding="utf-8"?>
<Project ToolsVersion="4.0" xmlns="http://schemas.microsoft.com/developer/msbuild/2003">
  <ItemGroup>
    <Filter Include="Source Files">
      <UniqueIdentifier>{4FC737F1-C7A5-4376-A066-2A32D752A2FF}</UniqueIdentifier>
      <Extensions>cpp;c;cc;cxx;c++;cppm;ixx;def;odl;idl;hpj;bat;asm;asmx</Extensions>
    </Filter>
    <Filter Include="Resource Files">
      <UniqueIdentifier>{67DA6AB6-F800-4c08-8B7A-83BB121AAD01}</UniqueIdentifier>
      <Extensions>rc;ico;cur;bmp;dlg;rc2;rct;bin;rgs;gif;jpg;jpeg;jpe;resx;tiff;tif;png;wav;mfcribbon-ms</Extensions>
    </Filter>
    <Filter Include="Header Files">
      <UniqueIdentifier>{93995380-89BD-4b04-88EB-625FBE52EBFB}</UniqueIdentifier>
      <Extensions>h;hh;hpp;hxx;h++;hm;inl;inc;ipp;xsd</Extensions>
    </Filter>
  </ItemGroup>
  <ItemGroup>
    <ClInclude Include="V2.h">
      <Filter>Header Files</Filter>
    </ClInclude>
    <ClInclude Include="V2Dlg.h">
      <Filter>Header Files</Filter>
    </ClInclude>
    <ClInclude Include="framework.h">
      <Filter>Header Files</Filter>
    </ClInclude>
    <ClInclude Include="targetver.h">
      <Filter>Header Files</Filter>
    </ClInclude>
    <ClInclude Include="Resource.h">
      <Filter>Header Files</Filter>
    </ClInclude>
    <ClInclude Include="pch.h">
      <Filter>Header Files</Filter>
    </ClInclude>
    <ClInclude Include="CCoachLoginDia.h">
      <Filter>Header Files</Filter>
    </ClInclude>
    <ClInclude Include="CSportDLoginDia.h">
      <Filter>Header Files</Filter>
    </ClInclude>
    <ClInclude Include="CScoutLoginDia.h">
      <Filter>Header Files</Filter>
    </ClInclude>
    <ClInclude Include="CAgentLoginDia.h">
      <Filter>Header Files</Filter>
    </ClInclude>
    <ClInclude Include="CCoachMenuDia.h">
      <Filter>Header Files</Filter>
    </ClInclude>
    <ClInclude Include="CScoutMenuDia.h">
      <Filter>Header Files</Filter>
    </ClInclude>
    <ClInclude Include="CSportDMenuDia.h">
      <Filter>Header Files</Filter>
    </ClInclude>
    <ClInclude Include="CAgentMenuDia.h">
      <Filter>Header Files</Filter>
    </ClInclude>
    <ClInclude Include="myconnectorclassDB.h">
      <Filter>Header Files</Filter>
    </ClInclude>
    <ClInclude Include="Flags.h">
      <Filter>Header Files</Filter>
    </ClInclude>
    <ClInclude Include="SearchPlayer.h">
      <Filter>Header Files</Filter>
    </ClInclude>
    <ClInclude Include="CPlayer_Info_Table.h">
      <Filter>Header Files</Filter>
    </ClInclude>
    <ClInclude Include="AddNewPlayerDia.h">
      <Filter>Header Files</Filter>
    </ClInclude>
    <ClInclude Include="CRefdPlayers.h">
      <Filter>Header Files</Filter>
    </ClInclude>
    <ClInclude Include="CEditPlayer.h">
      <Filter>Header Files</Filter>
    </ClInclude>
    <ClInclude Include="REQUEST.h">
      <Filter>Header Files</Filter>
    </ClInclude>
    <ClInclude Include="ReqstPlayers.h">
      <Filter>Header Files</Filter>
    </ClInclude>
  </ItemGroup>
  <ItemGroup>
    <ClCompile Include="V2.cpp">
      <Filter>Source Files</Filter>
    </ClCompile>
    <ClCompile Include="V2Dlg.cpp">
      <Filter>Source Files</Filter>
    </ClCompile>
    <ClCompile Include="pch.cpp">
      <Filter>Source Files</Filter>
    </ClCompile>
    <ClCompile Include="CCoachLoginDia.cpp">
      <Filter>Source Files</Filter>
    </ClCompile>
    <ClCompile Include="CSportDLoginDia.cpp">
      <Filter>Source Files</Filter>
    </ClCompile>
    <ClCompile Include="CScoutLoginDia.cpp">
      <Filter>Source Files</Filter>
    </ClCompile>
    <ClCompile Include="CAgentLoginDia.cpp">
      <Filter>Source Files</Filter>
    </ClCompile>
    <ClCompile Include="CCoachMenuDia.cpp">
      <Filter>Source Files</Filter>
    </ClCompile>
    <ClCompile Include="CScoutMenuDia.cpp">
      <Filter>Source Files</Filter>
    </ClCompile>
    <ClCompile Include="CSportDMenuDia.cpp">
      <Filter>Source Files</Filter>
    </ClCompile>
    <ClCompile Include="CAgentMenuDia.cpp">
      <Filter>Source Files</Filter>
    </ClCompile>
    <ClCompile Include="myconnectorclassDB.cpp">
      <Filter>Source Files</Filter>
    </ClCompile>
    <ClCompile Include="SearchPlayer.cpp">
      <Filter>Source Files</Filter>
    </ClCompile>
    <ClCompile Include="CPlayer_Info_Table.cpp">
      <Filter>Source Files</Filter>
    </ClCompile>
    <ClCompile Include="AddNewPlayerDia.cpp">
      <Filter>Source Files</Filter>
    </ClCompile>
    <ClCompile Include="CRefdPlayers.cpp">
      <Filter>Source Files</Filter>
    </ClCompile>
    <ClCompile Include="CEditPlayer.cpp">
      <Filter>Source Files</Filter>
    </ClCompile>
    <ClCompile Include="REQUEST.cpp">
      <Filter>Source Files</Filter>
    </ClCompile>
    <ClCompile Include="ReqstPlayers.cpp">
      <Filter>Source Files</Filter>
    </ClCompile>
  </ItemGroup>
  <ItemGroup>
    <ResourceCompile Include="V2.rc">
      <Filter>Resource Files</Filter>
    </ResourceCompile>
  </ItemGroup>
  <ItemGroup>
    <None Include="res\V2.rc2">
      <Filter>Resource Files</Filter>
    </None>
  </ItemGroup>
  <ItemGroup>
    <Image Include="res\V2.ico">
      <Filter>Resource Files</Filter>
    </Image>
    <Image Include="..\..\logo.png">
      <Filter>Resource Files</Filter>
    </Image>
    <Image Include="..\..\icon.ico">
      <Filter>Resource Files</Filter>
    </Image>
    <Image Include="res\icon.ico">
      <Filter>Resource Files</Filter>
    </Image>
  </ItemGroup>
</Project>